
Microsoft Visual Studio Solution File, Format Version 12.00
# Visual Studio 15
VisualStudioVersion = 15.0.28010.2046
MinimumVisualStudioVersion = 10.0.40219.1
Project("{FAE04EC0-301F-11D3-BF4B-00C04F79EFBC}") = "WcfService1", "WcfService1\WcfService1.csproj", "{9275A24D-E562-495E-B8F9-84BE3F39B31B}"
EndProject
Project("{FAE04EC0-301F-11D3-BF4B-00C04F79EFBC}") = "ConsoleApp1", "ConsoleApp1\ConsoleApp1.csproj", "{D2F5C939-A2B2-445F-A1A7-FEA320859462}"
	ProjectSection(ProjectDependencies) = postProject
		{9275A24D-E562-495E-B8F9-84BE3F39B31B} = {9275A24D-E562-495E-B8F9-84BE3F39B31B}
	EndProjectSection
EndProject
Global
	GlobalSection(SolutionConfigurationPlatforms) = preSolution
		Debug|Any CPU = Debug|Any CPU
		Release|Any CPU = Release|Any CPU
	EndGlobalSection
	GlobalSection(ProjectConfigurationPlatforms) = postSolution
		{9275A24D-E562-495E-B8F9-84BE3F39B31B}.Debug|Any CPU.ActiveCfg = Debug|Any CPU
		{9275A24D-E562-495E-B8F9-84BE3F39B31B}.Debug|Any CPU.Build.0 = Debug|Any CPU
		{9275A24D-E562-495E-B8F9-84BE3F39B31B}.Release|Any CPU.ActiveCfg = Release|Any CPU
		{9275A24D-E562-495E-B8F9-84BE3F39B31B}.Release|Any CPU.Build.0 = Release|Any CPU
		{D2F5C939-A2B2-445F-A1A7-FEA320859462}.Debug|Any CPU.ActiveCfg = Debug|Any CPU
		{D2F5C939-A2B2-445F-A1A7-FEA320859462}.Debug|Any CPU.Build.0 = Debug|Any CPU
		{D2F5C939-A2B2-445F-A1A7-FEA320859462}.Release|Any CPU.ActiveCfg = Release|Any CPU
		{D2F5C939-A2B2-445F-A1A7-FEA320859462}.Release|Any CPU.Build.0 = Release|Any CPU
	EndGlobalSection
	GlobalSection(SolutionProperties) = preSolution
		HideSolutionNode = FALSE
	EndGlobalSection
	GlobalSection(ExtensibilityGlobals) = postSolution
		SolutionGuid = {733E10BE-EE2B-4B5F-8C71-35ABDD5D1C90}
	EndGlobalSection
EndGlobal
